
Microsoft Visual Studio Solution File, Format Version 12.00
# Visual Studio Version 16
VisualStudioVersion = 16.0.31515.178
MinimumVisualStudioVersion = 10.0.40219.1
Project("{FAE04EC0-301F-11D3-BF4B-00C04F79EFBC}") = "WindowsFormsApp1", "WindowsFormsApp1\WindowsFormsApp1.csproj", "{C987FE48-AFC6-4891-9E65-21BCCAE49195}"
EndProject
Global
	GlobalSection(SolutionConfigurationPlatforms) = preSolution
		Debug|Any CPU = Debug|Any CPU
		Release|Any CPU = Release|Any CPU
	EndGlobalSection
	GlobalSection(ProjectConfigurationPlatforms) = postSolution
		{C987FE48-AFC6-4891-9E65-21BCCAE49195}.Debug|Any CPU.ActiveCfg = Debug|Any CPU
		{C987FE48-AFC6-4891-9E65-21BCCAE49195}.Debug|Any CPU.Build.0 = Debug|Any CPU
		{C987FE48-AFC6-4891-9E65-21BCCAE49195}.Release|Any CPU.ActiveCfg = Release|Any CPU
		{C987FE48-AFC6-4891-9E65-21BCCAE49195}.Release|Any CPU.Build.0 = Release|Any CPU
	EndGlobalSection
	GlobalSection(SolutionProperties) = preSolution
		HideSolutionNode = FALSE
	EndGlobalSection
	GlobalSection(ExtensibilityGlobals) = postSolution
		SolutionGuid = {CD8D1D61-795F-4B41-B276-384DFDDAF17F}
	EndGlobalSection
EndGlobal
